
Microsoft Visual Studio Solution File, Format Version 12.00
# Visual Studio Version 17
VisualStudioVersion = 17.2.32616.157
MinimumVisualStudioVersion = 10.0.40219.1
Project("{FAE04EC0-301F-11D3-BF4B-00C04F79EFBC}") = "P01.DefineAnInterfaceIPerson", "P01.DefineAnInterfaceIPerson\P01.DefineAnInterfaceIPerson.csproj", "{2AEBF35E-E3FC-41C3-80FD-769AB3D884B4}"
EndProject
Global
	GlobalSection(SolutionConfigurationPlatforms) = preSolution
		Debug|Any CPU = Debug|Any CPU
		Release|Any CPU = Release|Any CPU
	EndGlobalSection
	GlobalSection(ProjectConfigurationPlatforms) = postSolution
		{2AEBF35E-E3FC-41C3-80FD-769AB3D884B4}.Debug|Any CPU.ActiveCfg = Debug|Any CPU
		{2AEBF35E-E3FC-41C3-80FD-769AB3D884B4}.Debug|Any CPU.Build.0 = Debug|Any CPU
		{2AEBF35E-E3FC-41C3-80FD-769AB3D884B4}.Release|Any CPU.ActiveCfg = Release|Any CPU
		{2AEBF35E-E3FC-41C3-80FD-769AB3D884B4}.Release|Any CPU.Build.0 = Release|Any CPU
	EndGlobalSection
	GlobalSection(SolutionProperties) = preSolution
		HideSolutionNode = FALSE
	EndGlobalSection
	GlobalSection(ExtensibilityGlobals) = postSolution
		SolutionGuid = {29BBFB0E-2E3F-46D2-8770-01E298CA4449}
	EndGlobalSection
EndGlobal
