
Microsoft Visual Studio Solution File, Format Version 12.00
# Visual Studio Version 17
VisualStudioVersion = 17.2.32616.157
MinimumVisualStudioVersion = 10.0.40219.1
Project("{FAE04EC0-301F-11D3-BF4B-00C04F79EFBC}") = "P01.Persons", "P01.Persons\P01.Persons.csproj", "{50486415-8A29-4139-9665-135D256471BA}"
EndProject
Global
	GlobalSection(SolutionConfigurationPlatforms) = preSolution
		Debug|Any CPU = Debug|Any CPU
		Release|Any CPU = Release|Any CPU
	EndGlobalSection
	GlobalSection(ProjectConfigurationPlatforms) = postSolution
		{50486415-8A29-4139-9665-135D256471BA}.Debug|Any CPU.ActiveCfg = Debug|Any CPU
		{50486415-8A29-4139-9665-135D256471BA}.Debug|Any CPU.Build.0 = Debug|Any CPU
		{50486415-8A29-4139-9665-135D256471BA}.Release|Any CPU.ActiveCfg = Release|Any CPU
		{50486415-8A29-4139-9665-135D256471BA}.Release|Any CPU.Build.0 = Release|Any CPU
	EndGlobalSection
	GlobalSection(SolutionProperties) = preSolution
		HideSolutionNode = FALSE
	EndGlobalSection
	GlobalSection(ExtensibilityGlobals) = postSolution
		SolutionGuid = {D98A69BF-214F-4340-B89B-DB86FA75D815}
	EndGlobalSection
EndGlobal
