
Microsoft Visual Studio Solution File, Format Version 12.00
# Visual Studio Version 17
VisualStudioVersion = 17.2.32630.192
MinimumVisualStudioVersion = 10.0.40219.1
Project("{FAE04EC0-301F-11D3-BF4B-00C04F79EFBC}") = "Database", "Database\Database.csproj", "{B7C03AB5-D263-4276-9648-32EDDA8B56F6}"
EndProject
Project("{FAE04EC0-301F-11D3-BF4B-00C04F79EFBC}") = "Database.Tests", "Database.Tests\Database.Tests.csproj", "{BA6D2070-49AC-4C2E-901B-D417B3E9A67F}"
EndProject
Global
	GlobalSection(SolutionConfigurationPlatforms) = preSolution
		Debug|Any CPU = Debug|Any CPU
		Release|Any CPU = Release|Any CPU
	EndGlobalSection
	GlobalSection(ProjectConfigurationPlatforms) = postSolution
		{B7C03AB5-D263-4276-9648-32EDDA8B56F6}.Debug|Any CPU.ActiveCfg = Debug|Any CPU
		{B7C03AB5-D263-4276-9648-32EDDA8B56F6}.Debug|Any CPU.Build.0 = Debug|Any CPU
		{B7C03AB5-D263-4276-9648-32EDDA8B56F6}.Release|Any CPU.ActiveCfg = Release|Any CPU
		{B7C03AB5-D263-4276-9648-32EDDA8B56F6}.Release|Any CPU.Build.0 = Release|Any CPU
		{BA6D2070-49AC-4C2E-901B-D417B3E9A67F}.Debug|Any CPU.ActiveCfg = Debug|Any CPU
		{BA6D2070-49AC-4C2E-901B-D417B3E9A67F}.Debug|Any CPU.Build.0 = Debug|Any CPU
		{BA6D2070-49AC-4C2E-901B-D417B3E9A67F}.Release|Any CPU.ActiveCfg = Release|Any CPU
		{BA6D2070-49AC-4C2E-901B-D417B3E9A67F}.Release|Any CPU.Build.0 = Release|Any CPU
	EndGlobalSection
	GlobalSection(SolutionProperties) = preSolution
		HideSolutionNode = FALSE
	EndGlobalSection
	GlobalSection(ExtensibilityGlobals) = postSolution
		SolutionGuid = {A96EF239-E613-418E-8930-DD11AF83774C}
	EndGlobalSection
EndGlobal
